// !$*UTF8*$!
{
	archiveVersion = 1;
	classes = {
	};
	objectVersion = 46;
	objects = {

/* Begin PBXBuildFile section */
		95601EC91E2E8E7D009BC4B8 /* AppDelegate.swift in Sources */ = {isa = PBXBuildFile; fileRef = 95601EC81E2E8E7D009BC4B8 /* AppDelegate.swift */; };
		95601ECB1E2E8E7D009BC4B8 /* ViewController.swift in Sources */ = {isa = PBXBuildFile; fileRef = 95601ECA1E2E8E7D009BC4B8 /* ViewController.swift */; };
		95601ECE1E2E8E7D009BC4B8 /* Main.storyboard in Resources */ = {isa = PBXBuildFile; fileRef = 95601ECC1E2E8E7D009BC4B8 /* Main.storyboard */; };
		95601ED11E2E8E7D009BC4B8 /* ToDoAPP.xcdatamodeld in Sources */ = {isa = PBXBuildFile; fileRef = 95601ECF1E2E8E7D009BC4B8 /* ToDoAPP.xcdatamodeld */; };
		95601ED31E2E8E7D009BC4B8 /* Assets.xcassets in Resources */ = {isa = PBXBuildFile; fileRef = 95601ED21E2E8E7D009BC4B8 /* Assets.xcassets */; };
		95601ED61E2E8E7D009BC4B8 /* LaunchScreen.storyboard in Resources */ = {isa = PBXBuildFile; fileRef = 95601ED41E2E8E7D009BC4B8 /* LaunchScreen.storyboard */; };
		95601EE11E2E8E7D009BC4B8 /* ToDoAPPTests.swift in Sources */ = {isa = PBXBuildFile; fileRef = 95601EE01E2E8E7D009BC4B8 /* ToDoAPPTests.swift */; };
		95601EEC1E2E8E7D009BC4B8 /* ToDoAPPUITests.swift in Sources */ = {isa = PBXBuildFile; fileRef = 95601EEB1E2E8E7D009BC4B8 /* ToDoAPPUITests.swift */; };
		95601EFC1E2EA40E009BC4B8 /* AddTaskViewController.swift in Sources */ = {isa = PBXBuildFile; fileRef = 95601EFB1E2EA40E009BC4B8 /* AddTaskViewController.swift */; };
/* End PBXBuildFile section */

/* Begin PBXContainerItemProxy section */
		95601EDD1E2E8E7D009BC4B8 /* PBXContainerItemProxy */ = {
			isa = PBXContainerItemProxy;
			containerPortal = 95601EBD1E2E8E7D009BC4B8 /* Project object */;
			proxyType = 1;
			remoteGlobalIDString = 95601EC41E2E8E7D009BC4B8;
			remoteInfo = ToDoAPP;
		};
		95601EE81E2E8E7D009BC4B8 /* PBXContainerItemProxy */ = {
			isa = PBXContainerItemProxy;
			containerPortal = 95601EBD1E2E8E7D009BC4B8 /* Project object */;
			proxyType = 1;
			remoteGlobalIDString = 95601EC41E2E8E7D009BC4B8;
			remoteInfo = ToDoAPP;
		};
/* End PBXContainerItemProxy section */

/* Begin PBXFileReference section */
		95601EC51E2E8E7D009BC4B8 /* ToDoAPP.app */ = {isa = PBXFileReference; explicitFileType = wrapper.application; includeInIndex = 0; path = ToDoAPP.app; sourceTree = BUILT_PRODUCTS_DIR; };
		95601EC81E2E8E7D009BC4B8 /* AppDelegate.swift */ = {isa = PBXFileReference; lastKnownFileType = sourcecode.swift; path = AppDelegate.swift; sourceTree = "<group>"; };
		95601ECA1E2E8E7D009BC4B8 /* ViewController.swift */ = {isa = PBXFileReference; lastKnownFileType = sourcecode.swift; path = ViewController.swift; sourceTree = "<group>"; };
		95601ECD1E2E8E7D009BC4B8 /* Base */ = {isa = PBXFileReference; lastKnownFileType = file.storyboard; name = Base; path = Base.lproj/Main.storyboard; sourceTree = "<group>"; };
		95601ED01E2E8E7D009BC4B8 /* ToDoAPP.xcdatamodel */ = {isa = PBXFileReference; lastKnownFileType = wrapper.xcdatamodel; path = ToDoAPP.xcdatamodel; sourceTree = "<group>"; };
		95601ED21E2E8E7D009BC4B8 /* Assets.xcassets */ = {isa = PBXFileReference; lastKnownFileType = folder.assetcatalog; path = Assets.xcassets; sourceTree = "<group>"; };
		95601ED51E2E8E7D009BC4B8 /* Base */ = {isa = PBXFileReference; lastKnownFileType = file.storyboard; name = Base; path = Base.lproj/LaunchScreen.storyboard; sourceTree = "<group>"; };
		95601ED71E2E8E7D009BC4B8 /* Info.plist */ = {isa = PBXFileReference; lastKnownFileType = text.plist.xml; path = Info.plist; sourceTree = "<group>"; };
		95601EDC1E2E8E7D009BC4B8 /* ToDoAPPTests.xctest */ = {isa = PBXFileReference; explicitFileType = wrapper.cfbundle; includeInIndex = 0; path = ToDoAPPTests.xctest; sourceTree = BUILT_PRODUCTS_DIR; };
		95601EE01E2E8E7D009BC4B8 /* ToDoAPPTests.swift */ = {isa = PBXFileReference; lastKnownFileType = sourcecode.swift; path = ToDoAPPTests.swift; sourceTree = "<group>"; };
		95601EE21E2E8E7D009BC4B8 /* Info.plist */ = {isa = PBXFileReference; lastKnownFileType = text.plist.xml; path = Info.plist; sourceTree = "<group>"; };
		95601EE71E2E8E7D009BC4B8 /* ToDoAPPUITests.xctest */ = {isa = PBXFileReference; explicitFileType = wrapper.cfbundle; includeInIndex = 0; path = ToDoAPPUITests.xctest; sourceTree = BUILT_PRODUCTS_DIR; };
		95601EEB1E2E8E7D009BC4B8 /* ToDoAPPUITests.swift */ = {isa = PBXFileReference; lastKnownFileType = sourcecode.swift; path = ToDoAPPUITests.swift; sourceTree = "<group>"; };
		95601EED1E2E8E7D009BC4B8 /* Info.plist */ = {isa = PBXFileReference; lastKnownFileType = text.plist.xml; path = Info.plist; sourceTree = "<group>"; };
		95601EFB1E2EA40E009BC4B8 /* AddTaskViewController.swift */ = {isa = PBXFileReference; fileEncoding = 4; lastKnownFileType = sourcecode.swift; path = AddTaskViewController.swift; sourceTree = "<group>"; };
/* End PBXFileReference section */

/* Begin PBXFrameworksBuildPhase section */
		95601EC21E2E8E7D009BC4B8 /* Frameworks */ = {
			isa = PBXFrameworksBuildPhase;
			buildActionMask = 2147483647;
			files = (
			);
			runOnlyForDeploymentPostprocessing = 0;
		};
		95601ED91E2E8E7D009BC4B8 /* Frameworks */ = {
			isa = PBXFrameworksBuildPhase;
			buildActionMask = 2147483647;
			files = (
			);
			runOnlyForDeploymentPostprocessing = 0;
		};
		95601EE41E2E8E7D009BC4B8 /* Frameworks */ = {
			isa = PBXFrameworksBuildPhase;
			buildActionMask = 2147483647;
			files = (
			);
			runOnlyForDeploymentPostprocessing = 0;
		};
/* End PBXFrameworksBuildPhase section */

/* Begin PBXGroup section */
		95601EBC1E2E8E7D009BC4B8 = {
			isa = PBXGroup;
			children = (
				95601EC71E2E8E7D009BC4B8 /* ToDoAPP */,
				95601EDF1E2E8E7D009BC4B8 /* ToDoAPPTests */,
				95601EEA1E2E8E7D009BC4B8 /* ToDoAPPUITests */,
				95601EC61E2E8E7D009BC4B8 /* Products */,
			);
			sourceTree = "<group>";
		};
		95601EC61E2E8E7D009BC4B8 /* Products */ = {
			isa = PBXGroup;
			children = (
				95601EC51E2E8E7D009BC4B8 /* ToDoAPP.app */,
				95601EDC1E2E8E7D009BC4B8 /* ToDoAPPTests.xctest */,
				95601EE71E2E8E7D009BC4B8 /* ToDoAPPUITests.xctest */,
			);
			name = Products;
			sourceTree = "<group>";
		};
		95601EC71E2E8E7D009BC4B8 /* ToDoAPP */ = {
			isa = PBXGroup;
			children = (
				95601EFB1E2EA40E009BC4B8 /* AddTaskViewController.swift */,
				95601EC81E2E8E7D009BC4B8 /* AppDelegate.swift */,
				95601ECA1E2E8E7D009BC4B8 /* ViewController.swift */,
				95601ECC1E2E8E7D009BC4B8 /* Main.storyboard */,
				95601ED21E2E8E7D009BC4B8 /* Assets.xcassets */,
				95601ED41E2E8E7D009BC4B8 /* LaunchScreen.storyboard */,
				95601ED71E2E8E7D009BC4B8 /* Info.plist */,
				95601ECF1E2E8E7D009BC4B8 /* ToDoAPP.xcdatamodeld */,
			);
			path = ToDoAPP;
			sourceTree = "<group>";
		};
		95601EDF1E2E8E7D009BC4B8 /* ToDoAPPTests */ = {
			isa = PBXGroup;
			children = (
				95601EE01E2E8E7D009BC4B8 /* ToDoAPPTests.swift */,
				95601EE21E2E8E7D009BC4B8 /* Info.plist */,
			);
			path = ToDoAPPTests;
			sourceTree = "<group>";
		};
		95601EEA1E2E8E7D009BC4B8 /* ToDoAPPUITests */ = {
			isa = PBXGroup;
			children = (
				95601EEB1E2E8E7D009BC4B8 /* ToDoAPPUITests.swift */,
				95601EED1E2E8E7D009BC4B8 /* Info.plist */,
			);
			path = ToDoAPPUITests;
			sourceTree = "<group>";
		};
/* End PBXGroup section */

/* Begin PBXNativeTarget section */
		95601EC41E2E8E7D009BC4B8 /* ToDoAPP */ = {
			isa = PBXNativeTarget;
			buildConfigurationList = 95601EF01E2E8E7D009BC4B8 /* Build configuration list for PBXNativeTarget "ToDoAPP" */;
			buildPhases = (
				95601EC11E2E8E7D009BC4B8 /* Sources */,
				95601EC21E2E8E7D009BC4B8 /* Frameworks */,
				95601EC31E2E8E7D009BC4B8 /* Resources */,
			);
			buildRules = (
			);
			dependencies = (
			);
			name = ToDoAPP;
			productName = ToDoAPP;
			productReference = 95601EC51E2E8E7D009BC4B8 /* ToDoAPP.app */;
			productType = "com.apple.product-type.application";
		};
		95601EDB1E2E8E7D009BC4B8 /* ToDoAPPTests */ = {
			isa = PBXNativeTarget;
			buildConfigurationList = 95601EF31E2E8E7D009BC4B8 /* Build configuration list for PBXNativeTarget "ToDoAPPTests" */;
			buildPhases = (
				95601ED81E2E8E7D009BC4B8 /* Sources */,
				95601ED91E2E8E7D009BC4B8 /* Frameworks */,
				95601EDA1E2E8E7D009BC4B8 /* Resources */,
			);
			buildRules = (
			);
			dependencies = (
				95601EDE1E2E8E7D009BC4B8 /* PBXTargetDependency */,
			);
			name = ToDoAPPTests;
			productName = ToDoAPPTests;
			productReference = 95601EDC1E2E8E7D009BC4B8 /* ToDoAPPTests.xctest */;
			productType = "com.apple.product-type.bundle.unit-test";
		};
		95601EE61E2E8E7D009BC4B8 /* ToDoAPPUITests */ = {
			isa = PBXNativeTarget;
			buildConfigurationList = 95601EF61E2E8E7D009BC4B8 /* Build configuration list for PBXNativeTarget "ToDoAPPUITests" */;
			buildPhases = (
				95601EE31E2E8E7D009BC4B8 /* Sources */,
				95601EE41E2E8E7D009BC4B8 /* Frameworks */,
				95601EE51E2E8E7D009BC4B8 /* Resources */,
			);
			buildRules = (
			);
			dependencies = (
				95601EE91E2E8E7D009BC4B8 /* PBXTargetDependency */,
			);
			name = ToDoAPPUITests;
			productName = ToDoAPPUITests;
			productReference = 95601EE71E2E8E7D009BC4B8 /* ToDoAPPUITests.xctest */;
			productType = "com.apple.product-type.bundle.ui-testing";
		};
/* End PBXNativeTarget section */

/* Begin PBXProject section */
		95601EBD1E2E8E7D009BC4B8 /* Project object */ = {
			isa = PBXProject;
			attributes = {
				LastSwiftUpdateCheck = 0820;
				LastUpgradeCheck = 0820;
				ORGANIZATIONNAME = ZED;
				TargetAttributes = {
					95601EC41E2E8E7D009BC4B8 = {
						CreatedOnToolsVersion = 8.2.1;
						ProvisioningStyle = Automatic;
					};
					95601EDB1E2E8E7D009BC4B8 = {
						CreatedOnToolsVersion = 8.2.1;
						ProvisioningStyle = Automatic;
						TestTargetID = 95601EC41E2E8E7D009BC4B8;
					};
					95601EE61E2E8E7D009BC4B8 = {
						CreatedOnToolsVersion = 8.2.1;
						ProvisioningStyle = Automatic;
						TestTargetID = 95601EC41E2E8E7D009BC4B8;
					};
				};
			};
			buildConfigurationList = 95601EC01E2E8E7D009BC4B8 /* Build configuration list for PBXProject "ToDoAPP" */;
			compatibilityVersion = "Xcode 3.2";
			developmentRegion = English;
			hasScannedForEncodings = 0;
			knownRegions = (
				en,
				Base,
			);
			mainGroup = 95601EBC1E2E8E7D009BC4B8;
			productRefGroup = 95601EC61E2E8E7D009BC4B8 /* Products */;
			projectDirPath = "";
			projectRoot = "";
			targets = (
				95601EC41E2E8E7D009BC4B8 /* ToDoAPP */,
				95601EDB1E2E8E7D009BC4B8 /* ToDoAPPTests */,
				95601EE61E2E8E7D009BC4B8 /* ToDoAPPUITests */,
			);
		};
/* End PBXProject section */

/* Begin PBXResourcesBuildPhase section */
		95601EC31E2E8E7D009BC4B8 /* Resources */ = {
			isa = PBXResourcesBuildPhase;
			buildActionMask = 2147483647;
			files = (
				95601ED61E2E8E7D009BC4B8 /* LaunchScreen.storyboard in Resources */,
				95601ED31E2E8E7D009BC4B8 /* Assets.xcassets in Resources */,
				95601ECE1E2E8E7D009BC4B8 /* Main.storyboard in Resources */,
			);
			runOnlyForDeploymentPostprocessing = 0;
		};
		95601EDA1E2E8E7D009BC4B8 /* Resources */ = {
			isa = PBXResourcesBuildPhase;
			buildActionMask = 2147483647;
			files = (
			);
			runOnlyForDeploymentPostprocessing = 0;
		};
		95601EE51E2E8E7D009BC4B8 /* Resources */ = {
			isa = PBXResourcesBuildPhase;
			buildActionMask = 2147483647;
			files = (
			);
			runOnlyForDeploymentPostprocessing = 0;
		};
/* End PBXResourcesBuildPhase section */

/* Begin PBXSourcesBuildPhase section */
		95601EC11E2E8E7D009BC4B8 /* Sources */ = {
			isa = PBXSourcesBuildPhase;
			buildActionMask = 2147483647;
			files = (
				95601ED11E2E8E7D009BC4B8 /* ToDoAPP.xcdatamodeld in Sources */,
				95601EFC1E2EA40E009BC4B8 /* AddTaskViewController.swift in Sources */,
				95601ECB1E2E8E7D009BC4B8 /* ViewController.swift in Sources */,
				95601EC91E2E8E7D009BC4B8 /* AppDelegate.swift in Sources */,
			);
			runOnlyForDeploymentPostprocessing = 0;
		};
		95601ED81E2E8E7D009BC4B8 /* Sources */ = {
			isa = PBXSourcesBuildPhase;
			buildActionMask = 2147483647;
			files = (
				95601EE11E2E8E7D009BC4B8 /* ToDoAPPTests.swift in Sources */,
			);
			runOnlyForDeploymentPostprocessing = 0;
		};
		95601EE31E2E8E7D009BC4B8 /* Sources */ = {
			isa = PBXSourcesBuildPhase;
			buildActionMask = 2147483647;
			files = (
				95601EEC1E2E8E7D009BC4B8 /* ToDoAPPUITests.swift in Sources */,
			);
			runOnlyForDeploymentPostprocessing = 0;
		};
/* End PBXSourcesBuildPhase section */

/* Begin PBXTargetDependency section */
		95601EDE1E2E8E7D009BC4B8 /* PBXTargetDependency */ = {
			isa = PBXTargetDependency;
			target = 95601EC41E2E8E7D009BC4B8 /* ToDoAPP */;
			targetProxy = 95601EDD1E2E8E7D009BC4B8 /* PBXContainerItemProxy */;
		};
		95601EE91E2E8E7D009BC4B8 /* PBXTargetDependency */ = {
			isa = PBXTargetDependency;
			target = 95601EC41E2E8E7D009BC4B8 /* ToDoAPP */;
			targetProxy = 95601EE81E2E8E7D009BC4B8 /* PBXContainerItemProxy */;
		};
/* End PBXTargetDependency section */

/* Begin PBXVariantGroup section */
		95601ECC1E2E8E7D009BC4B8 /* Main.storyboard */ = {
			isa = PBXVariantGroup;
			children = (
				95601ECD1E2E8E7D009BC4B8 /* Base */,
			);
			name = Main.storyboard;
			sourceTree = "<group>";
		};
		95601ED41E2E8E7D009BC4B8 /* LaunchScreen.storyboard */ = {
			isa = PBXVariantGroup;
			children = (
				95601ED51E2E8E7D009BC4B8 /* Base */,
			);
			name = LaunchScreen.storyboard;
			sourceTree = "<group>";
		};
/* End PBXVariantGroup section */

/* Begin XCBuildConfiguration section */
		95601EEE1E2E8E7D009BC4B8 /* Debug */ = {
			isa = XCBuildConfiguration;
			buildSettings = {
				ALWAYS_SEARCH_USER_PATHS = NO;
				CLANG_ANALYZER_NONNULL = YES;
				CLANG_CXX_LANGUAGE_STANDARD = "gnu++0x";
				CLANG_CXX_LIBRARY = "libc++";
				CLANG_ENABLE_MODULES = YES;
				CLANG_ENABLE_OBJC_ARC = YES;
				CLANG_WARN_BOOL_CONVERSION = YES;
				CLANG_WARN_CONSTANT_CONVERSION = YES;
				CLANG_WARN_DIRECT_OBJC_ISA_USAGE = YES_ERROR;
				CLANG_WARN_DOCUMENTATION_COMMENTS = YES;
				CLANG_WARN_EMPTY_BODY = YES;
				CLANG_WARN_ENUM_CONVERSION = YES;
				CLANG_WARN_INFINITE_RECURSION = YES;
				CLANG_WARN_INT_CONVERSION = YES;
				CLANG_WARN_OBJC_ROOT_CLASS = YES_ERROR;
				CLANG_WARN_SUSPICIOUS_MOVE = YES;
				CLANG_WARN_UNREACHABLE_CODE = YES;
				CLANG_WARN__DUPLICATE_METHOD_MATCH = YES;
				"CODE_SIGN_IDENTITY[sdk=iphoneos*]" = "iPhone Developer";
				COPY_PHASE_STRIP = NO;
				DEBUG_INFORMATION_FORMAT = dwarf;
				ENABLE_STRICT_OBJC_MSGSEND = YES;
				ENABLE_TESTABILITY = YES;
				GCC_C_LANGUAGE_STANDARD = gnu99;
				GCC_DYNAMIC_NO_PIC = NO;
				GCC_NO_COMMON_BLOCKS = YES;
				GCC_OPTIMIZATION_LEVEL = 0;
				GCC_PREPROCESSOR_DEFINITIONS = (
					"DEBUG=1",
					"$(inherited)",
				);
				GCC_WARN_64_TO_32_BIT_CONVERSION = YES;
				GCC_WARN_ABOUT_RETURN_TYPE = YES_ERROR;
				GCC_WARN_UNDECLARED_SELECTOR = YES;
				GCC_WARN_UNINITIALIZED_AUTOS = YES_AGGRESSIVE;
				GCC_WARN_UNUSED_FUNCTION = YES;
				GCC_WARN_UNUSED_VARIABLE = YES;
				IPHONEOS_DEPLOYMENT_TARGET = 10.2;
				MTL_ENABLE_DEBUG_INFO = YES;
				ONLY_ACTIVE_ARCH = YES;
				SDKROOT = iphoneos;
				SWIFT_ACTIVE_COMPILATION_CONDITIONS = DEBUG;
				SWIFT_OPTIMIZATION_LEVEL = "-Onone";
				TARGETED_DEVICE_FAMILY = "1,2";
			};
			name = Debug;
		};
		95601EEF1E2E8E7D009BC4B8 /* Release */ = {
			isa = XCBuildConfiguration;
			buildSettings = {
				ALWAYS_SEARCH_USER_PATHS = NO;
				CLANG_ANALYZER_NONNULL = YES;
				CLANG_CXX_LANGUAGE_STANDARD = "gnu++0x";
				CLANG_CXX_LIBRARY = "libc++";
				CLANG_ENABLE_MODULES = YES;
				CLANG_ENABLE_OBJC_ARC = YES;
				CLANG_WARN_BOOL_CONVERSION = YES;
				CLANG_WARN_CONSTANT_CONVERSION = YES;
				CLANG_WARN_DIRECT_OBJC_ISA_USAGE = YES_ERROR;
				CLANG_WARN_DOCUMENTATION_COMMENTS = YES;
				CLANG_WARN_EMPTY_BODY = YES;
				CLANG_WARN_ENUM_CONVERSION = YES;
				CLANG_WARN_INFINITE_RECURSION = YES;
				CLANG_WARN_INT_CONVERSION = YES;
				CLANG_WARN_OBJC_ROOT_CLASS = YES_ERROR;
				CLANG_WARN_SUSPICIOUS_MOVE = YES;
				CLANG_WARN_UNREACHABLE_CODE = YES;
				CLANG_WARN__DUPLICATE_METHOD_MATCH = YES;
				"CODE_SIGN_IDENTITY[sdk=iphoneos*]" = "iPhone Developer";
				COPY_PHASE_STRIP = NO;
				DEBUG_INFORMATION_FORMAT = "dwarf-with-dsym";
				ENABLE_NS_ASSERTIONS = NO;
				ENABLE_STRICT_OBJC_MSGSEND = YES;
				GCC_C_LANGUAGE_STANDARD = gnu99;
				GCC_NO_COMMON_BLOCKS = YES;
				GCC_WARN_64_TO_32_BIT_CONVERSION = YES;
				GCC_WARN_ABOUT_RETURN_TYPE = YES_ERROR;
				GCC_WARN_UNDECLARED_SELECTOR = YES;
				GCC_WARN_UNINITIALIZED_AUTOS = YES_AGGRESSIVE;
				GCC_WARN_UNUSED_FUNCTION = YES;
				GCC_WARN_UNUSED_VARIABLE = YES;
				IPHONEOS_DEPLOYMENT_TARGET = 10.2;
				MTL_ENABLE_DEBUG_INFO = NO;
				SDKROOT = iphoneos;
				SWIFT_OPTIMIZATION_LEVEL = "-Owholemodule";
				TARGETED_DEVICE_FAMILY = "1,2";
				VALIDATE_PRODUCT = YES;
			};
			name = Release;
		};
		95601EF11E2E8E7D009BC4B8 /* Debug */ = {
			isa = XCBuildConfiguration;
			buildSettings = {
				ASSETCATALOG_COMPILER_APPICON_NAME = AppIcon;
				INFOPLIST_FILE = ToDoAPP/Info.plist;
				LD_RUNPATH_SEARCH_PATHS = "$(inherited) @executable_path/Frameworks";
				PRODUCT_BUNDLE_IDENTIFIER = ZED.ToDoAPP;
				PRODUCT_NAME = "$(TARGET_NAME)";
				SWIFT_VERSION = 3.0;
			};
			name = Debug;
		};
		95601EF21E2E8E7D009BC4B8 /* Release */ = {
			isa = XCBuildConfiguration;
			buildSettings = {
				ASSETCATALOG_COMPILER_APPICON_NAME = AppIcon;
				INFOPLIST_FILE = ToDoAPP/Info.plist;
				LD_RUNPATH_SEARCH_PATHS = "$(inherited) @executable_path/Frameworks";
				PRODUCT_BUNDLE_IDENTIFIER = ZED.ToDoAPP;
				PRODUCT_NAME = "$(TARGET_NAME)";
				SWIFT_VERSION = 3.0;
			};
			name = Release;
		};
		95601EF41E2E8E7D009BC4B8 /* Debug */ = {
			isa = XCBuildConfiguration;
			buildSettings = {
				ALWAYS_EMBED_SWIFT_STANDARD_LIBRARIES = YES;
				BUNDLE_LOADER = "$(TEST_HOST)";
				INFOPLIST_FILE = ToDoAPPTests/Info.plist;
				LD_RUNPATH_SEARCH_PATHS = "$(inherited) @executable_path/Frameworks @loader_path/Frameworks";
				PRODUCT_BUNDLE_IDENTIFIER = ZED.ToDoAPPTests;
				PRODUCT_NAME = "$(TARGET_NAME)";
				SWIFT_VERSION = 3.0;
				TEST_HOST = "$(BUILT_PRODUCTS_DIR)/ToDoAPP.app/ToDoAPP";
			};
			name = Debug;
		};
		95601EF51E2E8E7D009BC4B8 /* Release */ = {
			isa = XCBuildConfiguration;
			buildSettings = {
				ALWAYS_EMBED_SWIFT_STANDARD_LIBRARIES = YES;
				BUNDLE_LOADER = "$(TEST_HOST)";
				INFOPLIST_FILE = ToDoAPPTests/Info.plist;
				LD_RUNPATH_SEARCH_PATHS = "$(inherited) @executable_path/Frameworks @loader_path/Frameworks";
				PRODUCT_BUNDLE_IDENTIFIER = ZED.ToDoAPPTests;
				PRODUCT_NAME = "$(TARGET_NAME)";
				SWIFT_VERSION = 3.0;
				TEST_HOST = "$(BUILT_PRODUCTS_DIR)/ToDoAPP.app/ToDoAPP";
			};
			name = Release;
		};
		95601EF71E2E8E7D009BC4B8 /* Debug */ = {
			isa = XCBuildConfiguration;
			buildSettings = {
				ALWAYS_EMBED_SWIFT_STANDARD_LIBRARIES = YES;
				INFOPLIST_FILE = ToDoAPPUITests/Info.plist;
				LD_RUNPATH_SEARCH_PATHS = "$(inherited) @executable_path/Frameworks @loader_path/Frameworks";
				PRODUCT_BUNDLE_IDENTIFIER = ZED.ToDoAPPUITests;
				PRODUCT_NAME = "$(TARGET_NAME)";
				SWIFT_VERSION = 3.0;
				TEST_TARGET_NAME = ToDoAPP;
			};
			name = Debug;
		};
		95601EF81E2E8E7D009BC4B8 /* Release */ = {
			isa = XCBuildConfiguration;
			buildSettings = {
				ALWAYS_EMBED_SWIFT_STANDARD_LIBRARIES = YES;
				INFOPLIST_FILE = ToDoAPPUITests/Info.plist;
				LD_RUNPATH_SEARCH_PATHS = "$(inherited) @executable_path/Frameworks @loader_path/Frameworks";
				PRODUCT_BUNDLE_IDENTIFIER = ZED.ToDoAPPUITests;
				PRODUCT_NAME = "$(TARGET_NAME)";
				SWIFT_VERSION = 3.0;
				TEST_TARGET_NAME = ToDoAPP;
			};
			name = Release;
		};
/* End XCBuildConfiguration section */

/* Begin XCConfigurationList section */
		95601EC01E2E8E7D009BC4B8 /* Build configuration list for PBXProject "ToDoAPP" */ = {
			isa = XCConfigurationList;
			buildConfigurations = (
				95601EEE1E2E8E7D009BC4B8 /* Debug */,
				95601EEF1E2E8E7D009BC4B8 /* Release */,
			);
			defaultConfigurationIsVisible = 0;
			defaultConfigurationName = Release;
		};
		95601EF01E2E8E7D009BC4B8 /* Build configuration list for PBXNativeTarget "ToDoAPP" */ = {
			isa = XCConfigurationList;
			buildConfigurations = (
				95601EF11E2E8E7D009BC4B8 /* Debug */,
				95601EF21E2E8E7D009BC4B8 /* Release */,
			);
			defaultConfigurationIsVisible = 0;
		};
		95601EF31E2E8E7D009BC4B8 /* Build configuration list for PBXNativeTarget "ToDoAPPTests" */ = {
			isa = XCConfigurationList;
			buildConfigurations = (
				95601EF41E2E8E7D009BC4B8 /* Debug */,
				95601EF51E2E8E7D009BC4B8 /* Release */,
			);
			defaultConfigurationIsVisible = 0;
		};
		95601EF61E2E8E7D009BC4B8 /* Build configuration list for PBXNativeTarget "ToDoAPPUITests" */ = {
			isa = XCConfigurationList;
			buildConfigurations = (
				95601EF71E2E8E7D009BC4B8 /* Debug */,
				95601EF81E2E8E7D009BC4B8 /* Release */,
			);
			defaultConfigurationIsVisible = 0;
		};
/* End XCConfigurationList section */

/* Begin XCVersionGroup section */
		95601ECF1E2E8E7D009BC4B8 /* ToDoAPP.xcdatamodeld */ = {
			isa = XCVersionGroup;
			children = (
				95601ED01E2E8E7D009BC4B8 /* ToDoAPP.xcdatamodel */,
			);
			currentVersion = 95601ED01E2E8E7D009BC4B8 /* ToDoAPP.xcdatamodel */;
			path = ToDoAPP.xcdatamodeld;
			sourceTree = "<group>";
			versionGroupType = wrapper.xcdatamodel;
		};
/* End XCVersionGroup section */
	};
	rootObject = 95601EBD1E2E8E7D009BC4B8 /* Project object */;
}
